// !$*UTF8*$!
{
	archiveVersion = 1;
	classes = {
	};
	objectVersion = 56;
	objects = {

/* Begin PBXBuildFile section */
		3736F99A29BD3DD4006A41DF /* AppDelegate.swift in Sources */ = {isa = PBXBuildFile; fileRef = 3736F99929BD3DD4006A41DF /* AppDelegate.swift */; };
		3736F99C29BD3DD4006A41DF /* SceneDelegate.swift in Sources */ = {isa = PBXBuildFile; fileRef = 3736F99B29BD3DD4006A41DF /* SceneDelegate.swift */; };
		3736F9A329BD3DD5006A41DF /* Assets.xcassets in Resources */ = {isa = PBXBuildFile; fileRef = 3736F9A229BD3DD5006A41DF /* Assets.xcassets */; };
		3736F9A629BD3DD5006A41DF /* LaunchScreen.storyboard in Resources */ = {isa = PBXBuildFile; fileRef = 3736F9A429BD3DD5006A41DF /* LaunchScreen.storyboard */; };
		3736F9AF29BD409C006A41DF /* ConverterConfigure.swift in Sources */ = {isa = PBXBuildFile; fileRef = 3736F9AE29BD409C006A41DF /* ConverterConfigure.swift */; };
		3736F9B129BD41C3006A41DF /* ConverterViewController.swift in Sources */ = {isa = PBXBuildFile; fileRef = 3736F9B029BD41C3006A41DF /* ConverterViewController.swift */; };
		3736F9B329BD42C5006A41DF /* ConverterInteractor.swift in Sources */ = {isa = PBXBuildFile; fileRef = 3736F9B229BD42C5006A41DF /* ConverterInteractor.swift */; };
		3736F9B529BD42D0006A41DF /* ConverterPresenter.swift in Sources */ = {isa = PBXBuildFile; fileRef = 3736F9B429BD42D0006A41DF /* ConverterPresenter.swift */; };
		3736F9B729BD42DA006A41DF /* ConverterRouter.swift in Sources */ = {isa = PBXBuildFile; fileRef = 3736F9B629BD42DA006A41DF /* ConverterRouter.swift */; };
		3736F9B929BD42E7006A41DF /* ConverterEntity.swift in Sources */ = {isa = PBXBuildFile; fileRef = 3736F9B829BD42E7006A41DF /* ConverterEntity.swift */; };
/* End PBXBuildFile section */

/* Begin PBXFileReference section */
		3736F99629BD3DD4006A41DF /* converterCurrency.app */ = {isa = PBXFileReference; explicitFileType = wrapper.application; includeInIndex = 0; path = converterCurrency.app; sourceTree = BUILT_PRODUCTS_DIR; };
		3736F99929BD3DD4006A41DF /* AppDelegate.swift */ = {isa = PBXFileReference; lastKnownFileType = sourcecode.swift; path = AppDelegate.swift; sourceTree = "<group>"; };
		3736F99B29BD3DD4006A41DF /* SceneDelegate.swift */ = {isa = PBXFileReference; lastKnownFileType = sourcecode.swift; path = SceneDelegate.swift; sourceTree = "<group>"; };
		3736F9A229BD3DD5006A41DF /* Assets.xcassets */ = {isa = PBXFileReference; lastKnownFileType = folder.assetcatalog; path = Assets.xcassets; sourceTree = "<group>"; };
		3736F9A529BD3DD5006A41DF /* Base */ = {isa = PBXFileReference; lastKnownFileType = file.storyboard; name = Base; path = Base.lproj/LaunchScreen.storyboard; sourceTree = "<group>"; };
		3736F9A729BD3DD5006A41DF /* Info.plist */ = {isa = PBXFileReference; lastKnownFileType = text.plist.xml; path = Info.plist; sourceTree = "<group>"; };
		3736F9AE29BD409C006A41DF /* ConverterConfigure.swift */ = {isa = PBXFileReference; lastKnownFileType = sourcecode.swift; path = ConverterConfigure.swift; sourceTree = "<group>"; };
		3736F9B029BD41C3006A41DF /* ConverterViewController.swift */ = {isa = PBXFileReference; lastKnownFileType = sourcecode.swift; path = ConverterViewController.swift; sourceTree = "<group>"; };
		3736F9B229BD42C5006A41DF /* ConverterInteractor.swift */ = {isa = PBXFileReference; lastKnownFileType = sourcecode.swift; path = ConverterInteractor.swift; sourceTree = "<group>"; };
		3736F9B429BD42D0006A41DF /* ConverterPresenter.swift */ = {isa = PBXFileReference; lastKnownFileType = sourcecode.swift; path = ConverterPresenter.swift; sourceTree = "<group>"; };
		3736F9B629BD42DA006A41DF /* ConverterRouter.swift */ = {isa = PBXFileReference; lastKnownFileType = sourcecode.swift; path = ConverterRouter.swift; sourceTree = "<group>"; };
		3736F9B829BD42E7006A41DF /* ConverterEntity.swift */ = {isa = PBXFileReference; lastKnownFileType = sourcecode.swift; path = ConverterEntity.swift; sourceTree = "<group>"; };
/* End PBXFileReference section */

/* Begin PBXFrameworksBuildPhase section */
		3736F99329BD3DD4006A41DF /* Frameworks */ = {
			isa = PBXFrameworksBuildPhase;
			buildActionMask = 2147483647;
			files = (
			);
			runOnlyForDeploymentPostprocessing = 0;
		};
/* End PBXFrameworksBuildPhase section */

/* Begin PBXGroup section */
		3736F98D29BD3DD4006A41DF = {
			isa = PBXGroup;
			children = (
				3736F99829BD3DD4006A41DF /* converterCurrency */,
				3736F99729BD3DD4006A41DF /* Products */,
			);
			sourceTree = "<group>";
		};
		3736F99729BD3DD4006A41DF /* Products */ = {
			isa = PBXGroup;
			children = (
				3736F99629BD3DD4006A41DF /* converterCurrency.app */,
			);
			name = Products;
			sourceTree = "<group>";
		};
		3736F99829BD3DD4006A41DF /* converterCurrency */ = {
			isa = PBXGroup;
			children = (
				3736F9AD29BD3FB5006A41DF /* Converter */,
				3736F99929BD3DD4006A41DF /* AppDelegate.swift */,
				3736F99B29BD3DD4006A41DF /* SceneDelegate.swift */,
				3736F9A229BD3DD5006A41DF /* Assets.xcassets */,
				3736F9A429BD3DD5006A41DF /* LaunchScreen.storyboard */,
				3736F9A729BD3DD5006A41DF /* Info.plist */,
			);
			path = converterCurrency;
			sourceTree = "<group>";
		};
		3736F9AD29BD3FB5006A41DF /* Converter */ = {
			isa = PBXGroup;
			children = (
				3736F9AE29BD409C006A41DF /* ConverterConfigure.swift */,
				3736F9B029BD41C3006A41DF /* ConverterViewController.swift */,
				3736F9B229BD42C5006A41DF /* ConverterInteractor.swift */,
				3736F9B429BD42D0006A41DF /* ConverterPresenter.swift */,
				3736F9B629BD42DA006A41DF /* ConverterRouter.swift */,
				3736F9B829BD42E7006A41DF /* ConverterEntity.swift */,
			);
			path = Converter;
			sourceTree = "<group>";
		};
/* End PBXGroup section */

/* Begin PBXNativeTarget section */
		3736F99529BD3DD4006A41DF /* converterCurrency */ = {
			isa = PBXNativeTarget;
			buildConfigurationList = 3736F9AA29BD3DD5006A41DF /* Build configuration list for PBXNativeTarget "converterCurrency" */;
			buildPhases = (
				3736F99229BD3DD4006A41DF /* Sources */,
				3736F99329BD3DD4006A41DF /* Frameworks */,
				3736F99429BD3DD4006A41DF /* Resources */,
			);
			buildRules = (
			);
			dependencies = (
			);
			name = converterCurrency;
			productName = converterCurrency;
			productReference = 3736F99629BD3DD4006A41DF /* converterCurrency.app */;
			productType = "com.apple.product-type.application";
		};
/* End PBXNativeTarget section */

/* Begin PBXProject section */
		3736F98E29BD3DD4006A41DF /* Project object */ = {
			isa = PBXProject;
			attributes = {
				BuildIndependentTargetsInParallel = 1;
				LastSwiftUpdateCheck = 1420;
				LastUpgradeCheck = 1420;
				TargetAttributes = {
					3736F99529BD3DD4006A41DF = {
						CreatedOnToolsVersion = 14.2;
					};
				};
			};
			buildConfigurationList = 3736F99129BD3DD4006A41DF /* Build configuration list for PBXProject "converterCurrency" */;
			compatibilityVersion = "Xcode 14.0";
			developmentRegion = en;
			hasScannedForEncodings = 0;
			knownRegions = (
				en,
				Base,
			);
			mainGroup = 3736F98D29BD3DD4006A41DF;
			productRefGroup = 3736F99729BD3DD4006A41DF /* Products */;
			projectDirPath = "";
			projectRoot = "";
			targets = (
				3736F99529BD3DD4006A41DF /* converterCurrency */,
			);
		};
/* End PBXProject section */

/* Begin PBXResourcesBuildPhase section */
		3736F99429BD3DD4006A41DF /* Resources */ = {
			isa = PBXResourcesBuildPhase;
			buildActionMask = 2147483647;
			files = (
				3736F9A629BD3DD5006A41DF /* LaunchScreen.storyboard in Resources */,
				3736F9A329BD3DD5006A41DF /* Assets.xcassets in Resources */,
			);
			runOnlyForDeploymentPostprocessing = 0;
		};
/* End PBXResourcesBuildPhase section */

/* Begin PBXSourcesBuildPhase section */
		3736F99229BD3DD4006A41DF /* Sources */ = {
			isa = PBXSourcesBuildPhase;
			buildActionMask = 2147483647;
			files = (
				3736F99A29BD3DD4006A41DF /* AppDelegate.swift in Sources */,
				3736F9B329BD42C5006A41DF /* ConverterInteractor.swift in Sources */,
				3736F9AF29BD409C006A41DF /* ConverterConfigure.swift in Sources */,
				3736F9B529BD42D0006A41DF /* ConverterPresenter.swift in Sources */,
				3736F99C29BD3DD4006A41DF /* SceneDelegate.swift in Sources */,
				3736F9B929BD42E7006A41DF /* ConverterEntity.swift in Sources */,
				3736F9B129BD41C3006A41DF /* ConverterViewController.swift in Sources */,
				3736F9B729BD42DA006A41DF /* ConverterRouter.swift in Sources */,
			);
			runOnlyForDeploymentPostprocessing = 0;
		};
/* End PBXSourcesBuildPhase section */

/* Begin PBXVariantGroup section */
		3736F9A429BD3DD5006A41DF /* LaunchScreen.storyboard */ = {
			isa = PBXVariantGroup;
			children = (
				3736F9A529BD3DD5006A41DF /* Base */,
			);
			name = LaunchScreen.storyboard;
			sourceTree = "<group>";
		};
/* End PBXVariantGroup section */

/* Begin XCBuildConfiguration section */
		3736F9A829BD3DD5006A41DF /* Debug */ = {
			isa = XCBuildConfiguration;
			buildSettings = {
				ALWAYS_SEARCH_USER_PATHS = NO;
				CLANG_ANALYZER_NONNULL = YES;
				CLANG_ANALYZER_NUMBER_OBJECT_CONVERSION = YES_AGGRESSIVE;
				CLANG_CXX_LANGUAGE_STANDARD = "gnu++20";
				CLANG_ENABLE_MODULES = YES;
				CLANG_ENABLE_OBJC_ARC = YES;
				CLANG_ENABLE_OBJC_WEAK = YES;
				CLANG_WARN_BLOCK_CAPTURE_AUTORELEASING = YES;
				CLANG_WARN_BOOL_CONVERSION = YES;
				CLANG_WARN_COMMA = YES;
				CLANG_WARN_CONSTANT_CONVERSION = YES;
				CLANG_WARN_DEPRECATED_OBJC_IMPLEMENTATIONS = YES;
				CLANG_WARN_DIRECT_OBJC_ISA_USAGE = YES_ERROR;
				CLANG_WARN_DOCUMENTATION_COMMENTS = YES;
				CLANG_WARN_EMPTY_BODY = YES;
				CLANG_WARN_ENUM_CONVERSION = YES;
				CLANG_WARN_INFINITE_RECURSION = YES;
				CLANG_WARN_INT_CONVERSION = YES;
				CLANG_WARN_NON_LITERAL_NULL_CONVERSION = YES;
				CLANG_WARN_OBJC_IMPLICIT_RETAIN_SELF = YES;
				CLANG_WARN_OBJC_LITERAL_CONVERSION = YES;
				CLANG_WARN_OBJC_ROOT_CLASS = YES_ERROR;
				CLANG_WARN_QUOTED_INCLUDE_IN_FRAMEWORK_HEADER = YES;
				CLANG_WARN_RANGE_LOOP_ANALYSIS = YES;
				CLANG_WARN_STRICT_PROTOTYPES = YES;
				CLANG_WARN_SUSPICIOUS_MOVE = YES;
				CLANG_WARN_UNGUARDED_AVAILABILITY = YES_AGGRESSIVE;
				CLANG_WARN_UNREACHABLE_CODE = YES;
				CLANG_WARN__DUPLICATE_METHOD_MATCH = YES;
				COPY_PHASE_STRIP = NO;
				DEBUG_INFORMATION_FORMAT = dwarf;
				ENABLE_STRICT_OBJC_MSGSEND = YES;
				ENABLE_TESTABILITY = YES;
				GCC_C_LANGUAGE_STANDARD = gnu11;
				GCC_DYNAMIC_NO_PIC = NO;
				GCC_NO_COMMON_BLOCKS = YES;
				GCC_OPTIMIZATION_LEVEL = 0;
				GCC_PREPROCESSOR_DEFINITIONS = (
					"DEBUG=1",
					"$(inherited)",
				);
				GCC_WARN_64_TO_32_BIT_CONVERSION = YES;
				GCC_WARN_ABOUT_RETURN_TYPE = YES_ERROR;
				GCC_WARN_UNDECLARED_SELECTOR = YES;
				GCC_WARN_UNINITIALIZED_AUTOS = YES_AGGRESSIVE;
				GCC_WARN_UNUSED_FUNCTION = YES;
				GCC_WARN_UNUSED_VARIABLE = YES;
				IPHONEOS_DEPLOYMENT_TARGET = 16.2;
				MTL_ENABLE_DEBUG_INFO = INCLUDE_SOURCE;
				MTL_FAST_MATH = YES;
				ONLY_ACTIVE_ARCH = YES;
				SDKROOT = iphoneos;
				SWIFT_ACTIVE_COMPILATION_CONDITIONS = DEBUG;
				SWIFT_OPTIMIZATION_LEVEL = "-Onone";
			};
			name = Debug;
		};
		3736F9A929BD3DD5006A41DF /* Release */ = {
			isa = XCBuildConfiguration;
			buildSettings = {
				ALWAYS_SEARCH_USER_PATHS = NO;
				CLANG_ANALYZER_NONNULL = YES;
				CLANG_ANALYZER_NUMBER_OBJECT_CONVERSION = YES_AGGRESSIVE;
				CLANG_CXX_LANGUAGE_STANDARD = "gnu++20";
				CLANG_ENABLE_MODULES = YES;
				CLANG_ENABLE_OBJC_ARC = YES;
				CLANG_ENABLE_OBJC_WEAK = YES;
				CLANG_WARN_BLOCK_CAPTURE_AUTORELEASING = YES;
				CLANG_WARN_BOOL_CONVERSION = YES;
				CLANG_WARN_COMMA = YES;
				CLANG_WARN_CONSTANT_CONVERSION = YES;
				CLANG_WARN_DEPRECATED_OBJC_IMPLEMENTATIONS = YES;
				CLANG_WARN_DIRECT_OBJC_ISA_USAGE = YES_ERROR;
				CLANG_WARN_DOCUMENTATION_COMMENTS = YES;
				CLANG_WARN_EMPTY_BODY = YES;
				CLANG_WARN_ENUM_CONVERSION = YES;
				CLANG_WARN_INFINITE_RECURSION = YES;
				CLANG_WARN_INT_CONVERSION = YES;
				CLANG_WARN_NON_LITERAL_NULL_CONVERSION = YES;
				CLANG_WARN_OBJC_IMPLICIT_RETAIN_SELF = YES;
				CLANG_WARN_OBJC_LITERAL_CONVERSION = YES;
				CLANG_WARN_OBJC_ROOT_CLASS = YES_ERROR;
				CLANG_WARN_QUOTED_INCLUDE_IN_FRAMEWORK_HEADER = YES;
				CLANG_WARN_RANGE_LOOP_ANALYSIS = YES;
				CLANG_WARN_STRICT_PROTOTYPES = YES;
				CLANG_WARN_SUSPICIOUS_MOVE = YES;
				CLANG_WARN_UNGUARDED_AVAILABILITY = YES_AGGRESSIVE;
				CLANG_WARN_UNREACHABLE_CODE = YES;
				CLANG_WARN__DUPLICATE_METHOD_MATCH = YES;
				COPY_PHASE_STRIP = NO;
				DEBUG_INFORMATION_FORMAT = "dwarf-with-dsym";
				ENABLE_NS_ASSERTIONS = NO;
				ENABLE_STRICT_OBJC_MSGSEND = YES;
				GCC_C_LANGUAGE_STANDARD = gnu11;
				GCC_NO_COMMON_BLOCKS = YES;
				GCC_WARN_64_TO_32_BIT_CONVERSION = YES;
				GCC_WARN_ABOUT_RETURN_TYPE = YES_ERROR;
				GCC_WARN_UNDECLARED_SELECTOR = YES;
				GCC_WARN_UNINITIALIZED_AUTOS = YES_AGGRESSIVE;
				GCC_WARN_UNUSED_FUNCTION = YES;
				GCC_WARN_UNUSED_VARIABLE = YES;
				IPHONEOS_DEPLOYMENT_TARGET = 16.2;
				MTL_ENABLE_DEBUG_INFO = NO;
				MTL_FAST_MATH = YES;
				SDKROOT = iphoneos;
				SWIFT_COMPILATION_MODE = wholemodule;
				SWIFT_OPTIMIZATION_LEVEL = "-O";
				VALIDATE_PRODUCT = YES;
			};
			name = Release;
		};
		3736F9AB29BD3DD5006A41DF /* Debug */ = {
			isa = XCBuildConfiguration;
			buildSettings = {
				ASSETCATALOG_COMPILER_APPICON_NAME = AppIcon;
				ASSETCATALOG_COMPILER_GLOBAL_ACCENT_COLOR_NAME = AccentColor;
				CODE_SIGN_STYLE = Automatic;
				CURRENT_PROJECT_VERSION = 1;
				DEVELOPMENT_TEAM = FB8LQ6BXM4;
				GENERATE_INFOPLIST_FILE = YES;
				INFOPLIST_FILE = converterCurrency/Info.plist;
				INFOPLIST_KEY_UIApplicationSupportsIndirectInputEvents = YES;
				INFOPLIST_KEY_UILaunchStoryboardName = LaunchScreen;
				INFOPLIST_KEY_UISupportedInterfaceOrientations_iPad = "UIInterfaceOrientationPortrait UIInterfaceOrientationPortraitUpsideDown UIInterfaceOrientationLandscapeLeft UIInterfaceOrientationLandscapeRight";
				INFOPLIST_KEY_UISupportedInterfaceOrientations_iPhone = "UIInterfaceOrientationPortrait UIInterfaceOrientationLandscapeLeft UIInterfaceOrientationLandscapeRight";
				LD_RUNPATH_SEARCH_PATHS = (
					"$(inherited)",
					"@executable_path/Frameworks",
				);
				MARKETING_VERSION = 1.0;
				PRODUCT_BUNDLE_IDENTIFIER = md.currency.converterCurrency;
				PRODUCT_NAME = "$(TARGET_NAME)";
				SWIFT_EMIT_LOC_STRINGS = YES;
				SWIFT_VERSION = 5.0;
				TARGETED_DEVICE_FAMILY = "1,2";
			};
			name = Debug;
		};
		3736F9AC29BD3DD5006A41DF /* Release */ = {
			isa = XCBuildConfiguration;
			buildSettings = {
				ASSETCATALOG_COMPILER_APPICON_NAME = AppIcon;
				ASSETCATALOG_COMPILER_GLOBAL_ACCENT_COLOR_NAME = AccentColor;
				CODE_SIGN_STYLE = Automatic;
				CURRENT_PROJECT_VERSION = 1;
				DEVELOPMENT_TEAM = FB8LQ6BXM4;
				GENERATE_INFOPLIST_FILE = YES;
				INFOPLIST_FILE = converterCurrency/Info.plist;
				INFOPLIST_KEY_UIApplicationSupportsIndirectInputEvents = YES;
				INFOPLIST_KEY_UILaunchStoryboardName = LaunchScreen;
				INFOPLIST_KEY_UISupportedInterfaceOrientations_iPad = "UIInterfaceOrientationPortrait UIInterfaceOrientationPortraitUpsideDown UIInterfaceOrientationLandscapeLeft UIInterfaceOrientationLandscapeRight";
				INFOPLIST_KEY_UISupportedInterfaceOrientations_iPhone = "UIInterfaceOrientationPortrait UIInterfaceOrientationLandscapeLeft UIInterfaceOrientationLandscapeRight";
				LD_RUNPATH_SEARCH_PATHS = (
					"$(inherited)",
					"@executable_path/Frameworks",
				);
				MARKETING_VERSION = 1.0;
				PRODUCT_BUNDLE_IDENTIFIER = md.currency.converterCurrency;
				PRODUCT_NAME = "$(TARGET_NAME)";
				SWIFT_EMIT_LOC_STRINGS = YES;
				SWIFT_VERSION = 5.0;
				TARGETED_DEVICE_FAMILY = "1,2";
			};
			name = Release;
		};
/* End XCBuildConfiguration section */

/* Begin XCConfigurationList section */
		3736F99129BD3DD4006A41DF /* Build configuration list for PBXProject "converterCurrency" */ = {
			isa = XCConfigurationList;
			buildConfigurations = (
				3736F9A829BD3DD5006A41DF /* Debug */,
				3736F9A929BD3DD5006A41DF /* Release */,
			);
			defaultConfigurationIsVisible = 0;
			defaultConfigurationName = Release;
		};
		3736F9AA29BD3DD5006A41DF /* Build configuration list for PBXNativeTarget "converterCurrency" */ = {
			isa = XCConfigurationList;
			buildConfigurations = (
				3736F9AB29BD3DD5006A41DF /* Debug */,
				3736F9AC29BD3DD5006A41DF /* Release */,
			);
			defaultConfigurationIsVisible = 0;
			defaultConfigurationName = Release;
		};
/* End XCConfigurationList section */
	};
	rootObject = 3736F98E29BD3DD4006A41DF /* Project object */;
}
